
Microsoft Visual Studio Solution File, Format Version 12.00
# Visual Studio Version 16
VisualStudioVersion = 16.0.30503.244
MinimumVisualStudioVersion = 10.0.40219.1
Project("{FAE04EC0-301F-11D3-BF4B-00C04F79EFBC}") = "Funzioni", "Funzioni\Funzioni.csproj", "{52DC5AD8-254A-40FE-B2E1-69752C31962D}"
EndProject
Project("{FAE04EC0-301F-11D3-BF4B-00C04F79EFBC}") = "ConsoleApp1", "ConsoleApp1\ConsoleApp1.csproj", "{4C0F3F3C-3FF5-48F6-B519-BBE672E4A5CF}"
EndProject
Global
	GlobalSection(SolutionConfigurationPlatforms) = preSolution
		Debug|Any CPU = Debug|Any CPU
		Debug|x64 = Debug|x64
		Debug|x86 = Debug|x86
		Release|Any CPU = Release|Any CPU
		Release|x64 = Release|x64
		Release|x86 = Release|x86
	EndGlobalSection
	GlobalSection(ProjectConfigurationPlatforms) = postSolution
		{52DC5AD8-254A-40FE-B2E1-69752C31962D}.Debug|Any CPU.ActiveCfg = Debug|Any CPU
		{52DC5AD8-254A-40FE-B2E1-69752C31962D}.Debug|Any CPU.Build.0 = Debug|Any CPU
		{52DC5AD8-254A-40FE-B2E1-69752C31962D}.Debug|x64.ActiveCfg = Debug|Any CPU
		{52DC5AD8-254A-40FE-B2E1-69752C31962D}.Debug|x64.Build.0 = Debug|Any CPU
		{52DC5AD8-254A-40FE-B2E1-69752C31962D}.Debug|x86.ActiveCfg = Debug|Any CPU
		{52DC5AD8-254A-40FE-B2E1-69752C31962D}.Debug|x86.Build.0 = Debug|Any CPU
		{52DC5AD8-254A-40FE-B2E1-69752C31962D}.Release|Any CPU.ActiveCfg = Release|Any CPU
		{52DC5AD8-254A-40FE-B2E1-69752C31962D}.Release|Any CPU.Build.0 = Release|Any CPU
		{52DC5AD8-254A-40FE-B2E1-69752C31962D}.Release|x64.ActiveCfg = Release|Any CPU
		{52DC5AD8-254A-40FE-B2E1-69752C31962D}.Release|x64.Build.0 = Release|Any CPU
		{52DC5AD8-254A-40FE-B2E1-69752C31962D}.Release|x86.ActiveCfg = Release|Any CPU
		{52DC5AD8-254A-40FE-B2E1-69752C31962D}.Release|x86.Build.0 = Release|Any CPU
		{4C0F3F3C-3FF5-48F6-B519-BBE672E4A5CF}.Debug|Any CPU.ActiveCfg = Debug|Any CPU
		{4C0F3F3C-3FF5-48F6-B519-BBE672E4A5CF}.Debug|Any CPU.Build.0 = Debug|Any CPU
		{4C0F3F3C-3FF5-48F6-B519-BBE672E4A5CF}.Debug|x64.ActiveCfg = Debug|Any CPU
		{4C0F3F3C-3FF5-48F6-B519-BBE672E4A5CF}.Debug|x64.Build.0 = Debug|Any CPU
		{4C0F3F3C-3FF5-48F6-B519-BBE672E4A5CF}.Debug|x86.ActiveCfg = Debug|Any CPU
		{4C0F3F3C-3FF5-48F6-B519-BBE672E4A5CF}.Debug|x86.Build.0 = Debug|Any CPU
		{4C0F3F3C-3FF5-48F6-B519-BBE672E4A5CF}.Release|Any CPU.ActiveCfg = Release|Any CPU
		{4C0F3F3C-3FF5-48F6-B519-BBE672E4A5CF}.Release|Any CPU.Build.0 = Release|Any CPU
		{4C0F3F3C-3FF5-48F6-B519-BBE672E4A5CF}.Release|x64.ActiveCfg = Release|Any CPU
		{4C0F3F3C-3FF5-48F6-B519-BBE672E4A5CF}.Release|x64.Build.0 = Release|Any CPU
		{4C0F3F3C-3FF5-48F6-B519-BBE672E4A5CF}.Release|x86.ActiveCfg = Release|Any CPU
		{4C0F3F3C-3FF5-48F6-B519-BBE672E4A5CF}.Release|x86.Build.0 = Release|Any CPU
	EndGlobalSection
	GlobalSection(SolutionProperties) = preSolution
		HideSolutionNode = FALSE
	EndGlobalSection
	GlobalSection(ExtensibilityGlobals) = postSolution
		SolutionGuid = {A96F6375-7967-4B26-A3C2-66D052036950}
	EndGlobalSection
EndGlobal
